{
    "_meta": {
        "hash": {
            "sha256": "e55a19e89fbebe0dc16df0c14c088f66054323ab739322c0610099ecb0f88a00"
        },
        "pipfile-spec": 6,
        "requires": {
            "python_version": "3.12"
        },
        "sources": [
            {
                "name": "pypi",
                "url": "https://pypi.org/simple",
                "verify_ssl": true
            }
        ]
    },
    "default": {
        "urllib3": {
            "hashes": [
                "sha256:a448b2f64d686155468037e1ace9f2d2199776e17f0a46610480d311f73e3472",
                "sha256:dd505485549a7a552833da5e6063639d0d177c04f23bc3864e41e5dc5f612168"
            ],
            "index": "pypi",
            "markers": "python_version >= '3.8'",
            "version": "==2.2.2"
        }
    },
    "develop": {}
}
